GIT
  remote: https://github.com/outcomesinsights/conceptql.git
  revision: fa9828d436ca5adf338e23bfb647de06594ff8a9
  branch: main
  specs:
    conceptql (0.3.0)
      activesupport (>= 6)
      bigdecimal
      json
      sequel (~> 5.66)
      sequelizer (~> 0.1.3)
      thor (~> 1.0)

GIT
  remote: https://github.com/outcomesinsights/sequelizer.git
  revision: 19289f88c415f0a4d675b083812d8605fcb1d838
  branch: glue
  specs:
    sequelizer (0.1.3)
      dotenv (~> 2.1)
      hashie (~> 3.2)
      sequel (~> 5.0)
      thor (~> 1.0)

GEM
  remote: https://rubygems.org/
  specs:
    activesupport (8.1.2)
      base64
      bigdecimal
      concurrent-ruby (~> 1.0, >= 1.3.1)
      connection_pool (>= 2.2.5)
      drb
      i18n (>= 1.6, < 2)
      json
      logger (>= 1.4.2)
      minitest (>= 5.1)
      securerandom (>= 0.3)
      tzinfo (~> 2.0, >= 2.0.5)
      uri (>= 0.13.1)
    base64 (0.3.0)
    bigdecimal (3.1.4)
    byebug (11.1.3)
    chef-utils (18.2.7)
      concurrent-ruby
    coderay (1.1.3)
    concurrent-ruby (1.3.6)
    connection_pool (3.0.2)
    dotenv (2.8.1)
    drb (2.2.3)
    facets (3.1.0)
    hashie (3.6.0)
    i18n (1.14.8)
      concurrent-ruby (~> 1.0)
    json (2.6.3)
    kramdown (2.4.0)
      rexml
    kramdown-parser-gfm (1.1.0)
      kramdown (~> 2.0)
    logger (1.7.0)
    mdl (0.12.0)
      kramdown (~> 2.3)
      kramdown-parser-gfm (~> 1.1)
      mixlib-cli (~> 2.1, >= 2.1.1)
      mixlib-config (>= 2.2.1, < 4)
      mixlib-shellout
    method_source (1.0.0)
    minitest (6.0.2)
      drb (~> 2.0)
      prism (~> 1.5)
    mixlib-cli (2.1.8)
    mixlib-config (3.0.27)
      tomlrb
    mixlib-shellout (3.2.7)
      chef-utils
    pg (1.4.6)
    prism (1.9.0)
    pry (0.14.2)
      coderay (~> 1.1)
      method_source (~> 1.0)
    pry-byebug (3.10.1)
      byebug (~> 11.0)
      pry (>= 0.13, < 0.15)
    rexml (3.4.4)
    ruby-graphviz (1.2.5)
      rexml
    securerandom (0.4.1)
    sequel (5.67.0)
    thor (1.2.1)
    tomlrb (2.0.3)
    tzinfo (2.0.6)
      concurrent-ruby (~> 1.0)
    uri (1.1.1)

PLATFORMS
  ruby

DEPENDENCIES
  conceptql!
  facets (~> 3.1)
  mdl
  pg (~> 1.4)
  pry-byebug (~> 3.10)
  ruby-graphviz (~> 1.2)
  sequelizer!

BUNDLED WITH
   2.4.7
